
Microsoft Visual Studio Solution File, Format Version 12.00
# Visual Studio Version 16
VisualStudioVersion = 16.0.29709.97
MinimumVisualStudioVersion = 10.0.40219.1
Project("{2150E333-8FDC-42A3-9474-1A3956D46DE8}") = "src", "src", "{C9B19449-2171-49AD-BD54-09EBAA1FD4D0}"
EndProject
Project("{9A19103F-16F7-4668-BE54-9A1E7A4F7556}") = "Sorschia", "src\Sorschia\Sorschia.csproj", "{B002476A-9DF1-40B0-A06A-96F9603304D1}"
EndProject
Project("{2150E333-8FDC-42A3-9474-1A3956D46DE8}") = "core", "core", "{D14BE16C-4346-4EBE-BC61-25B715C38D75}"
EndProject
Project("{2150E333-8FDC-42A3-9474-1A3956D46DE8}") = "identity", "identity", "{5D20F6B0-652E-4A51-B1F3-7C988DD36E5C}"
EndProject
Project("{9A19103F-16F7-4668-BE54-9A1E7A4F7556}") = "Sorschia.Core", "src\core\Sorschia.Core\Sorschia.Core.csproj", "{9A684CFF-0D11-46B0-B5D1-DEA7BFC7355C}"
EndProject
Project("{9A19103F-16F7-4668-BE54-9A1E7A4F7556}") = "Sorschia.Identity", "src\identity\Sorschia.Identity\Sorschia.Identity.csproj", "{6404D0E4-31EC-435F-901B-5A9A215B4577}"
EndProject
Project("{9A19103F-16F7-4668-BE54-9A1E7A4F7556}") = "Sorschia.Core.EntityFrameworkCore.SqlServer", "src\core\Sorschia.Core.EntityFrameworkCore.SqlServer\Sorschia.Core.EntityFrameworkCore.SqlServer.csproj", "{1D91B9D0-6DA7-4321-941C-CA16E07C62BF}"
EndProject
Project("{FAE04EC0-301F-11D3-BF4B-00C04F79EFBC}") = "Sorschia.EntityFrameworkCore", "src\Sorschia.EntityFrameworkCore\Sorschia.EntityFrameworkCore.csproj", "{416F937D-0502-4FD6-90A6-C100300458B3}"
EndProject
Global
	GlobalSection(SolutionConfigurationPlatforms) = preSolution
		Debug|Any CPU = Debug|Any CPU
		Release|Any CPU = Release|Any CPU
	EndGlobalSection
	GlobalSection(ProjectConfigurationPlatforms) = postSolution
		{B002476A-9DF1-40B0-A06A-96F9603304D1}.Debug|Any CPU.ActiveCfg = Debug|Any CPU
		{B002476A-9DF1-40B0-A06A-96F9603304D1}.Debug|Any CPU.Build.0 = Debug|Any CPU
		{B002476A-9DF1-40B0-A06A-96F9603304D1}.Release|Any CPU.ActiveCfg = Release|Any CPU
		{B002476A-9DF1-40B0-A06A-96F9603304D1}.Release|Any CPU.Build.0 = Release|Any CPU
		{9A684CFF-0D11-46B0-B5D1-DEA7BFC7355C}.Debug|Any CPU.ActiveCfg = Debug|Any CPU
		{9A684CFF-0D11-46B0-B5D1-DEA7BFC7355C}.Debug|Any CPU.Build.0 = Debug|Any CPU
		{9A684CFF-0D11-46B0-B5D1-DEA7BFC7355C}.Release|Any CPU.ActiveCfg = Release|Any CPU
		{9A684CFF-0D11-46B0-B5D1-DEA7BFC7355C}.Release|Any CPU.Build.0 = Release|Any CPU
		{6404D0E4-31EC-435F-901B-5A9A215B4577}.Debug|Any CPU.ActiveCfg = Debug|Any CPU
		{6404D0E4-31EC-435F-901B-5A9A215B4577}.Debug|Any CPU.Build.0 = Debug|Any CPU
		{6404D0E4-31EC-435F-901B-5A9A215B4577}.Release|Any CPU.ActiveCfg = Release|Any CPU
		{6404D0E4-31EC-435F-901B-5A9A215B4577}.Release|Any CPU.Build.0 = Release|Any CPU
		{1D91B9D0-6DA7-4321-941C-CA16E07C62BF}.Debug|Any CPU.ActiveCfg = Debug|Any CPU
		{1D91B9D0-6DA7-4321-941C-CA16E07C62BF}.Debug|Any CPU.Build.0 = Debug|Any CPU
		{1D91B9D0-6DA7-4321-941C-CA16E07C62BF}.Release|Any CPU.ActiveCfg = Release|Any CPU
		{1D91B9D0-6DA7-4321-941C-CA16E07C62BF}.Release|Any CPU.Build.0 = Release|Any CPU
		{416F937D-0502-4FD6-90A6-C100300458B3}.Debug|Any CPU.ActiveCfg = Debug|Any CPU
		{416F937D-0502-4FD6-90A6-C100300458B3}.Debug|Any CPU.Build.0 = Debug|Any CPU
		{416F937D-0502-4FD6-90A6-C100300458B3}.Release|Any CPU.ActiveCfg = Release|Any CPU
		{416F937D-0502-4FD6-90A6-C100300458B3}.Release|Any CPU.Build.0 = Release|Any CPU
	EndGlobalSection
	GlobalSection(SolutionProperties) = preSolution
		HideSolutionNode = FALSE
	EndGlobalSection
	GlobalSection(NestedProjects) = preSolution
		{B002476A-9DF1-40B0-A06A-96F9603304D1} = {C9B19449-2171-49AD-BD54-09EBAA1FD4D0}
		{D14BE16C-4346-4EBE-BC61-25B715C38D75} = {C9B19449-2171-49AD-BD54-09EBAA1FD4D0}
		{5D20F6B0-652E-4A51-B1F3-7C988DD36E5C} = {C9B19449-2171-49AD-BD54-09EBAA1FD4D0}
		{9A684CFF-0D11-46B0-B5D1-DEA7BFC7355C} = {D14BE16C-4346-4EBE-BC61-25B715C38D75}
		{6404D0E4-31EC-435F-901B-5A9A215B4577} = {5D20F6B0-652E-4A51-B1F3-7C988DD36E5C}
		{1D91B9D0-6DA7-4321-941C-CA16E07C62BF} = {D14BE16C-4346-4EBE-BC61-25B715C38D75}
		{416F937D-0502-4FD6-90A6-C100300458B3} = {C9B19449-2171-49AD-BD54-09EBAA1FD4D0}
	EndGlobalSection
	GlobalSection(ExtensibilityGlobals) = postSolution
		SolutionGuid = {38FD30CD-A97E-4AF3-A21A-7AED792E2BB4}
	EndGlobalSection
EndGlobal
