
Microsoft Visual Studio Solution File, Format Version 12.00
# Visual Studio Version 16
VisualStudioVersion = 16.0.29709.97
MinimumVisualStudioVersion = 10.0.40219.1
Project("{9A19103F-16F7-4668-BE54-9A1E7A4F7556}") = "Sorschia", "Sorschia\Sorschia.csproj", "{2CC8148A-BC86-4E9A-867B-34EBD108D61A}"
EndProject
Project("{9A19103F-16F7-4668-BE54-9A1E7A4F7556}") = "Sorschia.Caching.Memory", "Sorschia.Caching.Memory\Sorschia.Caching.Memory.csproj", "{CB921195-9F23-47D9-94BE-F88A9E973130}"
EndProject
Project("{9A19103F-16F7-4668-BE54-9A1E7A4F7556}") = "Sorschia.Dependency", "Sorschia.Dependency\Sorschia.Dependency.csproj", "{CF9B5674-C227-490B-9449-701D2068EC6C}"
EndProject
Project("{9A19103F-16F7-4668-BE54-9A1E7A4F7556}") = "Sorschia.Caching.Memory.Dependency", "Sorschia.Caching.Memory.Dependency\Sorschia.Caching.Memory.Dependency.csproj", "{A2C30BDD-7349-4200-B579-2833284F5B7D}"
EndProject
Project("{9A19103F-16F7-4668-BE54-9A1E7A4F7556}") = "Sorschia.SQLServer", "Sorschia.SQLServer\Sorschia.SQLServer.csproj", "{9BD9ED73-D288-48FC-8599-B1A84FF214DC}"
EndProject
Project("{FAE04EC0-301F-11D3-BF4B-00C04F79EFBC}") = "Sorschia.WPF", "Sorschia.WPF\Sorschia.WPF.csproj", "{AB5C1ABE-6532-49D9-82C0-EB7FB9D3B173}"
EndProject
Project("{9A19103F-16F7-4668-BE54-9A1E7A4F7556}") = "Sorschia.Prism.Extensions", "Sorschia.Prism.Extensions\Sorschia.Prism.Extensions.csproj", "{71D616B5-6071-4455-A7BC-45EF91463104}"
EndProject
Project("{FAE04EC0-301F-11D3-BF4B-00C04F79EFBC}") = "Sorschia.Prism.Wpf.Extensions", "Sorschia.Prism.Wpf.Extensions\Sorschia.Prism.Wpf.Extensions.csproj", "{2470E48B-A4A3-423E-97E7-319EF7077847}"
EndProject
Project("{9A19103F-16F7-4668-BE54-9A1E7A4F7556}") = "Sorschia.SystemBase", "Sorschia.SystemBase\Sorschia.SystemBase.csproj", "{2213F0CD-00C3-42F1-BF96-3808024817A2}"
EndProject
Project("{9A19103F-16F7-4668-BE54-9A1E7A4F7556}") = "Sorschia.SystemBase.SQLServer", "Sorschia.SystemBase.SQLServer\Sorschia.SystemBase.SQLServer.csproj", "{A6DB8533-C739-4251-951F-B8FA5507B864}"
EndProject
Project("{9A19103F-16F7-4668-BE54-9A1E7A4F7556}") = "Sorschia.SystemBase.SQLServer.Dependency", "Sorschia.SystemBase.SQLServer.Dependency\Sorschia.SystemBase.SQLServer.Dependency.csproj", "{F5629D4F-C87A-4998-930D-57688720CD8C}"
EndProject
Project("{2150E333-8FDC-42A3-9474-1A3956D46DE8}") = "Core", "Core", "{7DCCEE38-71C6-4DA2-A5D5-89EB228B68F6}"
EndProject
Project("{2150E333-8FDC-42A3-9474-1A3956D46DE8}") = "SystemBase", "SystemBase", "{F531A66A-D4F1-4B8E-A16B-7EBB1F336E97}"
EndProject
Project("{FAE04EC0-301F-11D3-BF4B-00C04F79EFBC}") = "Sorschia.Security.AES", "Sorschia.Security.AES\Sorschia.Security.AES.csproj", "{00021569-42B6-449E-988B-AA356B08E6C5}"
EndProject
Global
	GlobalSection(SolutionConfigurationPlatforms) = preSolution
		Debug|Any CPU = Debug|Any CPU
		Release|Any CPU = Release|Any CPU
	EndGlobalSection
	GlobalSection(ProjectConfigurationPlatforms) = postSolution
		{2CC8148A-BC86-4E9A-867B-34EBD108D61A}.Debug|Any CPU.ActiveCfg = Debug|Any CPU
		{2CC8148A-BC86-4E9A-867B-34EBD108D61A}.Debug|Any CPU.Build.0 = Debug|Any CPU
		{2CC8148A-BC86-4E9A-867B-34EBD108D61A}.Release|Any CPU.ActiveCfg = Release|Any CPU
		{2CC8148A-BC86-4E9A-867B-34EBD108D61A}.Release|Any CPU.Build.0 = Release|Any CPU
		{CB921195-9F23-47D9-94BE-F88A9E973130}.Debug|Any CPU.ActiveCfg = Debug|Any CPU
		{CB921195-9F23-47D9-94BE-F88A9E973130}.Debug|Any CPU.Build.0 = Debug|Any CPU
		{CB921195-9F23-47D9-94BE-F88A9E973130}.Release|Any CPU.ActiveCfg = Release|Any CPU
		{CB921195-9F23-47D9-94BE-F88A9E973130}.Release|Any CPU.Build.0 = Release|Any CPU
		{CF9B5674-C227-490B-9449-701D2068EC6C}.Debug|Any CPU.ActiveCfg = Debug|Any CPU
		{CF9B5674-C227-490B-9449-701D2068EC6C}.Debug|Any CPU.Build.0 = Debug|Any CPU
		{CF9B5674-C227-490B-9449-701D2068EC6C}.Release|Any CPU.ActiveCfg = Release|Any CPU
		{CF9B5674-C227-490B-9449-701D2068EC6C}.Release|Any CPU.Build.0 = Release|Any CPU
		{A2C30BDD-7349-4200-B579-2833284F5B7D}.Debug|Any CPU.ActiveCfg = Debug|Any CPU
		{A2C30BDD-7349-4200-B579-2833284F5B7D}.Debug|Any CPU.Build.0 = Debug|Any CPU
		{A2C30BDD-7349-4200-B579-2833284F5B7D}.Release|Any CPU.ActiveCfg = Release|Any CPU
		{A2C30BDD-7349-4200-B579-2833284F5B7D}.Release|Any CPU.Build.0 = Release|Any CPU
		{9BD9ED73-D288-48FC-8599-B1A84FF214DC}.Debug|Any CPU.ActiveCfg = Debug|Any CPU
		{9BD9ED73-D288-48FC-8599-B1A84FF214DC}.Debug|Any CPU.Build.0 = Debug|Any CPU
		{9BD9ED73-D288-48FC-8599-B1A84FF214DC}.Release|Any CPU.ActiveCfg = Release|Any CPU
		{9BD9ED73-D288-48FC-8599-B1A84FF214DC}.Release|Any CPU.Build.0 = Release|Any CPU
		{AB5C1ABE-6532-49D9-82C0-EB7FB9D3B173}.Debug|Any CPU.ActiveCfg = Debug|Any CPU
		{AB5C1ABE-6532-49D9-82C0-EB7FB9D3B173}.Debug|Any CPU.Build.0 = Debug|Any CPU
		{AB5C1ABE-6532-49D9-82C0-EB7FB9D3B173}.Release|Any CPU.ActiveCfg = Release|Any CPU
		{AB5C1ABE-6532-49D9-82C0-EB7FB9D3B173}.Release|Any CPU.Build.0 = Release|Any CPU
		{71D616B5-6071-4455-A7BC-45EF91463104}.Debug|Any CPU.ActiveCfg = Debug|Any CPU
		{71D616B5-6071-4455-A7BC-45EF91463104}.Debug|Any CPU.Build.0 = Debug|Any CPU
		{71D616B5-6071-4455-A7BC-45EF91463104}.Release|Any CPU.ActiveCfg = Release|Any CPU
		{71D616B5-6071-4455-A7BC-45EF91463104}.Release|Any CPU.Build.0 = Release|Any CPU
		{2470E48B-A4A3-423E-97E7-319EF7077847}.Debug|Any CPU.ActiveCfg = Debug|Any CPU
		{2470E48B-A4A3-423E-97E7-319EF7077847}.Debug|Any CPU.Build.0 = Debug|Any CPU
		{2470E48B-A4A3-423E-97E7-319EF7077847}.Release|Any CPU.ActiveCfg = Release|Any CPU
		{2470E48B-A4A3-423E-97E7-319EF7077847}.Release|Any CPU.Build.0 = Release|Any CPU
		{2213F0CD-00C3-42F1-BF96-3808024817A2}.Debug|Any CPU.ActiveCfg = Debug|Any CPU
		{2213F0CD-00C3-42F1-BF96-3808024817A2}.Debug|Any CPU.Build.0 = Debug|Any CPU
		{2213F0CD-00C3-42F1-BF96-3808024817A2}.Release|Any CPU.ActiveCfg = Release|Any CPU
		{2213F0CD-00C3-42F1-BF96-3808024817A2}.Release|Any CPU.Build.0 = Release|Any CPU
		{A6DB8533-C739-4251-951F-B8FA5507B864}.Debug|Any CPU.ActiveCfg = Debug|Any CPU
		{A6DB8533-C739-4251-951F-B8FA5507B864}.Debug|Any CPU.Build.0 = Debug|Any CPU
		{A6DB8533-C739-4251-951F-B8FA5507B864}.Release|Any CPU.ActiveCfg = Release|Any CPU
		{A6DB8533-C739-4251-951F-B8FA5507B864}.Release|Any CPU.Build.0 = Release|Any CPU
		{F5629D4F-C87A-4998-930D-57688720CD8C}.Debug|Any CPU.ActiveCfg = Debug|Any CPU
		{F5629D4F-C87A-4998-930D-57688720CD8C}.Debug|Any CPU.Build.0 = Debug|Any CPU
		{F5629D4F-C87A-4998-930D-57688720CD8C}.Release|Any CPU.ActiveCfg = Release|Any CPU
		{F5629D4F-C87A-4998-930D-57688720CD8C}.Release|Any CPU.Build.0 = Release|Any CPU
		{00021569-42B6-449E-988B-AA356B08E6C5}.Debug|Any CPU.ActiveCfg = Debug|Any CPU
		{00021569-42B6-449E-988B-AA356B08E6C5}.Debug|Any CPU.Build.0 = Debug|Any CPU
		{00021569-42B6-449E-988B-AA356B08E6C5}.Release|Any CPU.ActiveCfg = Release|Any CPU
		{00021569-42B6-449E-988B-AA356B08E6C5}.Release|Any CPU.Build.0 = Release|Any CPU
	EndGlobalSection
	GlobalSection(SolutionProperties) = preSolution
		HideSolutionNode = FALSE
	EndGlobalSection
	GlobalSection(NestedProjects) = preSolution
		{2CC8148A-BC86-4E9A-867B-34EBD108D61A} = {7DCCEE38-71C6-4DA2-A5D5-89EB228B68F6}
		{CB921195-9F23-47D9-94BE-F88A9E973130} = {7DCCEE38-71C6-4DA2-A5D5-89EB228B68F6}
		{CF9B5674-C227-490B-9449-701D2068EC6C} = {7DCCEE38-71C6-4DA2-A5D5-89EB228B68F6}
		{A2C30BDD-7349-4200-B579-2833284F5B7D} = {7DCCEE38-71C6-4DA2-A5D5-89EB228B68F6}
		{9BD9ED73-D288-48FC-8599-B1A84FF214DC} = {7DCCEE38-71C6-4DA2-A5D5-89EB228B68F6}
		{AB5C1ABE-6532-49D9-82C0-EB7FB9D3B173} = {7DCCEE38-71C6-4DA2-A5D5-89EB228B68F6}
		{71D616B5-6071-4455-A7BC-45EF91463104} = {7DCCEE38-71C6-4DA2-A5D5-89EB228B68F6}
		{2470E48B-A4A3-423E-97E7-319EF7077847} = {7DCCEE38-71C6-4DA2-A5D5-89EB228B68F6}
		{2213F0CD-00C3-42F1-BF96-3808024817A2} = {F531A66A-D4F1-4B8E-A16B-7EBB1F336E97}
		{A6DB8533-C739-4251-951F-B8FA5507B864} = {F531A66A-D4F1-4B8E-A16B-7EBB1F336E97}
		{F5629D4F-C87A-4998-930D-57688720CD8C} = {F531A66A-D4F1-4B8E-A16B-7EBB1F336E97}
		{00021569-42B6-449E-988B-AA356B08E6C5} = {7DCCEE38-71C6-4DA2-A5D5-89EB228B68F6}
	EndGlobalSection
	GlobalSection(ExtensibilityGlobals) = postSolution
		SolutionGuid = {38FD30CD-A97E-4AF3-A21A-7AED792E2BB4}
	EndGlobalSection
EndGlobal
